// !$*UTF8*$!
{
	archiveVersion = 1;
	classes = {
	};
	objectVersion = 50;
	objects = {

/* Begin PBXBuildFile section */
		C70ADA1F25BEE6E300D6B50A /* AppDelegate.swift in Sources */ = {isa = PBXBuildFile; fileRef = C70ADA1E25BEE6E300D6B50A /* AppDelegate.swift */; };
		C70ADA2125BEE6E300D6B50A /* SceneDelegate.swift in Sources */ = {isa = PBXBuildFile; fileRef = C70ADA2025BEE6E300D6B50A /* SceneDelegate.swift */; };
		C70ADA2625BEE6E400D6B50A /* Main.storyboard in Resources */ = {isa = PBXBuildFile; fileRef = C70ADA2425BEE6E300D6B50A /* Main.storyboard */; };
		C70ADA2825BEE6E800D6B50A /* Assets.xcassets in Resources */ = {isa = PBXBuildFile; fileRef = C70ADA2725BEE6E800D6B50A /* Assets.xcassets */; };
		C70ADA2B25BEE6E800D6B50A /* LaunchScreen.storyboard in Resources */ = {isa = PBXBuildFile; fileRef = C70ADA2925BEE6E800D6B50A /* LaunchScreen.storyboard */; };
		C70ADA3C25BF142800D6B50A /* HomeViewController.swift in Sources */ = {isa = PBXBuildFile; fileRef = C70ADA3B25BF142800D6B50A /* HomeViewController.swift */; };
		C70ADA4225BF4C4000D6B50A /* HomeTableViewCell.swift in Sources */ = {isa = PBXBuildFile; fileRef = C70ADA4125BF4C4000D6B50A /* HomeTableViewCell.swift */; };
		C70ADA4525BFEA5200D6B50A /* TableData.swift in Sources */ = {isa = PBXBuildFile; fileRef = C70ADA4425BFEA5200D6B50A /* TableData.swift */; };
		C70ADA4A25BFEFB700D6B50A /* StoryboardIdentifier.swift in Sources */ = {isa = PBXBuildFile; fileRef = C70ADA4925BFEFB700D6B50A /* StoryboardIdentifier.swift */; };
		C726194B25C94B0500BA1E28 /* CollectionDemoViewController.swift in Sources */ = {isa = PBXBuildFile; fileRef = C726194A25C94B0500BA1E28 /* CollectionDemoViewController.swift */; };
		C77BB05A25C2B3D400936FE5 /* PickerData.swift in Sources */ = {isa = PBXBuildFile; fileRef = C77BB05925C2B3D400936FE5 /* PickerData.swift */; };
		C787506725E4E09900EF0FE7 /* TextFieldViewController.swift in Sources */ = {isa = PBXBuildFile; fileRef = C70ADA3E25BF228600D6B50A /* TextFieldViewController.swift */; };
		C787508525E4E4BE00EF0FE7 /* LabelViewController.swift in Sources */ = {isa = PBXBuildFile; fileRef = C70ADA4E25C0921D00D6B50A /* LabelViewController.swift */; };
		C787508825E4E4F800EF0FE7 /* ButtonViewController.swift in Sources */ = {isa = PBXBuildFile; fileRef = C716537125C119C100785E31 /* ButtonViewController.swift */; };
		C787508A25E4E52800EF0FE7 /* PickerViewController.swift in Sources */ = {isa = PBXBuildFile; fileRef = C716536D25C116FC00785E31 /* PickerViewController.swift */; };
		C787508C25E4E56F00EF0FE7 /* StackViewController.swift in Sources */ = {isa = PBXBuildFile; fileRef = C716537525C11DBD00785E31 /* StackViewController.swift */; };
		C787508F25E4E5B000EF0FE7 /* ImageViewController.swift in Sources */ = {isa = PBXBuildFile; fileRef = C716537925C186B300785E31 /* ImageViewController.swift */; };
		C787509225E4E5D400EF0FE7 /* ProgressViewController.swift in Sources */ = {isa = PBXBuildFile; fileRef = C77BB05F25C8181700936FE5 /* ProgressViewController.swift */; };
		C787509525E4E60700EF0FE7 /* NatureCollectionViewCell.swift in Sources */ = {isa = PBXBuildFile; fileRef = C726194E25C950E100BA1E28 /* NatureCollectionViewCell.swift */; };
		C787509825E4E63400EF0FE7 /* DetailedCollectionViewController.swift in Sources */ = {isa = PBXBuildFile; fileRef = C726195225C980AA00BA1E28 /* DetailedCollectionViewController.swift */; };
		C798B96225C90B2100093C5D /* Book.swift in Sources */ = {isa = PBXBuildFile; fileRef = C798B96125C90B2100093C5D /* Book.swift */; };
		C798B96525C934A600093C5D /* CollectionViewData.swift in Sources */ = {isa = PBXBuildFile; fileRef = C798B96425C934A600093C5D /* CollectionViewData.swift */; };
/* End PBXBuildFile section */

/* Begin PBXFileReference section */
		C70ADA1B25BEE6E300D6B50A /* DemoUIKitProject.app */ = {isa = PBXFileReference; explicitFileType = wrapper.application; includeInIndex = 0; path = DemoUIKitProject.app; sourceTree = BUILT_PRODUCTS_DIR; };
		C70ADA1E25BEE6E300D6B50A /* AppDelegate.swift */ = {isa = PBXFileReference; lastKnownFileType = sourcecode.swift; path = AppDelegate.swift; sourceTree = "<group>"; };
		C70ADA2025BEE6E300D6B50A /* SceneDelegate.swift */ = {isa = PBXFileReference; lastKnownFileType = sourcecode.swift; path = SceneDelegate.swift; sourceTree = "<group>"; };
		C70ADA2525BEE6E300D6B50A /* Base */ = {isa = PBXFileReference; lastKnownFileType = file.storyboard; name = Base; path = Base.lproj/Main.storyboard; sourceTree = "<group>"; };
		C70ADA2725BEE6E800D6B50A /* Assets.xcassets */ = {isa = PBXFileReference; lastKnownFileType = folder.assetcatalog; path = Assets.xcassets; sourceTree = "<group>"; };
		C70ADA2A25BEE6E800D6B50A /* Base */ = {isa = PBXFileReference; lastKnownFileType = file.storyboard; name = Base; path = Base.lproj/LaunchScreen.storyboard; sourceTree = "<group>"; };
		C70ADA2C25BEE6E800D6B50A /* Info.plist */ = {isa = PBXFileReference; lastKnownFileType = text.plist.xml; path = Info.plist; sourceTree = "<group>"; };
		C70ADA3B25BF142800D6B50A /* HomeViewController.swift */ = {isa = PBXFileReference; lastKnownFileType = sourcecode.swift; name = HomeViewController.swift; path = DemoUIKitProject/Controller/HomeViewController.swift; sourceTree = SOURCE_ROOT; };
		C70ADA3E25BF228600D6B50A /* TextFieldViewController.swift */ = {isa = PBXFileReference; lastKnownFileType = sourcecode.swift; name = TextFieldViewController.swift; path = DemoUIKitProject/Controller/TextFieldViewController.swift; sourceTree = SOURCE_ROOT; };
		C70ADA4125BF4C4000D6B50A /* HomeTableViewCell.swift */ = {isa = PBXFileReference; lastKnownFileType = sourcecode.swift; path = HomeTableViewCell.swift; sourceTree = "<group>"; };
		C70ADA4425BFEA5200D6B50A /* TableData.swift */ = {isa = PBXFileReference; lastKnownFileType = sourcecode.swift; path = TableData.swift; sourceTree = "<group>"; };
		C70ADA4925BFEFB700D6B50A /* StoryboardIdentifier.swift */ = {isa = PBXFileReference; lastKnownFileType = sourcecode.swift; path = StoryboardIdentifier.swift; sourceTree = "<group>"; };
		C70ADA4E25C0921D00D6B50A /* LabelViewController.swift */ = {isa = PBXFileReference; lastKnownFileType = sourcecode.swift; name = LabelViewController.swift; path = DemoUIKitProject/Controller/LabelViewController.swift; sourceTree = SOURCE_ROOT; };
		C716536D25C116FC00785E31 /* PickerViewController.swift */ = {isa = PBXFileReference; lastKnownFileType = sourcecode.swift; name = PickerViewController.swift; path = DemoUIKitProject/Controller/PickerViewController.swift; sourceTree = SOURCE_ROOT; };
		C716537125C119C100785E31 /* ButtonViewController.swift */ = {isa = PBXFileReference; lastKnownFileType = sourcecode.swift; name = ButtonViewController.swift; path = DemoUIKitProject/Controller/ButtonViewController.swift; sourceTree = SOURCE_ROOT; };
		C716537525C11DBD00785E31 /* StackViewController.swift */ = {isa = PBXFileReference; lastKnownFileType = sourcecode.swift; name = StackViewController.swift; path = DemoUIKitProject/Controller/StackViewController.swift; sourceTree = SOURCE_ROOT; };
		C716537925C186B300785E31 /* ImageViewController.swift */ = {isa = PBXFileReference; lastKnownFileType = sourcecode.swift; name = ImageViewController.swift; path = DemoUIKitProject/Controller/ImageViewController.swift; sourceTree = SOURCE_ROOT; };
		C726194A25C94B0500BA1E28 /* CollectionDemoViewController.swift */ = {isa = PBXFileReference; lastKnownFileType = sourcecode.swift; path = CollectionDemoViewController.swift; sourceTree = "<group>"; };
		C726194E25C950E100BA1E28 /* NatureCollectionViewCell.swift */ = {isa = PBXFileReference; lastKnownFileType = sourcecode.swift; name = NatureCollectionViewCell.swift; path = DemoUIKitProject/Controller/NatureCollectionViewCell.swift; sourceTree = SOURCE_ROOT; };
		C726195225C980AA00BA1E28 /* DetailedCollectionViewController.swift */ = {isa = PBXFileReference; lastKnownFileType = sourcecode.swift; name = DetailedCollectionViewController.swift; path = DemoUIKitProject/Controller/DetailedCollectionViewController.swift; sourceTree = SOURCE_ROOT; };
		C77BB05925C2B3D400936FE5 /* PickerData.swift */ = {isa = PBXFileReference; lastKnownFileType = sourcecode.swift; path = PickerData.swift; sourceTree = "<group>"; };
		C77BB05F25C8181700936FE5 /* ProgressViewController.swift */ = {isa = PBXFileReference; lastKnownFileType = sourcecode.swift; name = ProgressViewController.swift; path = DemoUIKitProject/Controller/ProgressViewController.swift; sourceTree = SOURCE_ROOT; };
		C798B96125C90B2100093C5D /* Book.swift */ = {isa = PBXFileReference; lastKnownFileType = sourcecode.swift; path = Book.swift; sourceTree = "<group>"; };
		C798B96425C934A600093C5D /* CollectionViewData.swift */ = {isa = PBXFileReference; lastKnownFileType = sourcecode.swift; path = CollectionViewData.swift; sourceTree = "<group>"; };
/* End PBXFileReference section */

/* Begin PBXFrameworksBuildPhase section */
		C70ADA1825BEE6E300D6B50A /* Frameworks */ = {
			isa = PBXFrameworksBuildPhase;
			buildActionMask = 2147483647;
			files = (
			);
			runOnlyForDeploymentPostprocessing = 0;
		};
/* End PBXFrameworksBuildPhase section */

/* Begin PBXGroup section */
		C70ADA1225BEE6E300D6B50A = {
			isa = PBXGroup;
			children = (
				C70ADA1D25BEE6E300D6B50A /* DemoUIKitProject */,
				C70ADA1C25BEE6E300D6B50A /* Products */,
			);
			sourceTree = "<group>";
		};
		C70ADA1C25BEE6E300D6B50A /* Products */ = {
			isa = PBXGroup;
			children = (
				C70ADA1B25BEE6E300D6B50A /* DemoUIKitProject.app */,
			);
			name = Products;
			sourceTree = "<group>";
		};
		C70ADA1D25BEE6E300D6B50A /* DemoUIKitProject */ = {
			isa = PBXGroup;
			children = (
				C70ADA1E25BEE6E300D6B50A /* AppDelegate.swift */,
				C70ADA2025BEE6E300D6B50A /* SceneDelegate.swift */,
				C70ADA3725BEFE3200D6B50A /* Model */,
				C70ADA3825BEFE4800D6B50A /* View */,
				C70ADA3625BEFE1800D6B50A /* Controller */,
				C70ADA2725BEE6E800D6B50A /* Assets.xcassets */,
				C70ADA2925BEE6E800D6B50A /* LaunchScreen.storyboard */,
				C70ADA2C25BEE6E800D6B50A /* Info.plist */,
			);
			path = DemoUIKitProject;
			sourceTree = "<group>";
		};
		C70ADA3625BEFE1800D6B50A /* Controller */ = {
			isa = PBXGroup;
			children = (
				C70ADA3B25BF142800D6B50A /* HomeViewController.swift */,
				C70ADA4125BF4C4000D6B50A /* HomeTableViewCell.swift */,
				C70ADA3E25BF228600D6B50A /* TextFieldViewController.swift */,
				C70ADA4E25C0921D00D6B50A /* LabelViewController.swift */,
				C716537125C119C100785E31 /* ButtonViewController.swift */,
				C716536D25C116FC00785E31 /* PickerViewController.swift */,
				C716537525C11DBD00785E31 /* StackViewController.swift */,
				C716537925C186B300785E31 /* ImageViewController.swift */,
				C77BB05F25C8181700936FE5 /* ProgressViewController.swift */,
				C726194A25C94B0500BA1E28 /* CollectionDemoViewController.swift */,
				C726194E25C950E100BA1E28 /* NatureCollectionViewCell.swift */,
				C726195225C980AA00BA1E28 /* DetailedCollectionViewController.swift */,
			);
			path = Controller;
			sourceTree = "<group>";
		};
		C70ADA3725BEFE3200D6B50A /* Model */ = {
			isa = PBXGroup;
			children = (
				C70ADA4425BFEA5200D6B50A /* TableData.swift */,
				C70ADA4925BFEFB700D6B50A /* StoryboardIdentifier.swift */,
				C77BB05925C2B3D400936FE5 /* PickerData.swift */,
				C798B96125C90B2100093C5D /* Book.swift */,
				C798B96425C934A600093C5D /* CollectionViewData.swift */,
			);
			path = Model;
			sourceTree = "<group>";
		};
		C70ADA3825BEFE4800D6B50A /* View */ = {
			isa = PBXGroup;
			children = (
				C70ADA2425BEE6E300D6B50A /* Main.storyboard */,
			);
			path = View;
			sourceTree = "<group>";
		};
/* End PBXGroup section */

/* Begin PBXNativeTarget section */
		C70ADA1A25BEE6E300D6B50A /* DemoUIKitProject */ = {
			isa = PBXNativeTarget;
			buildConfigurationList = C70ADA2F25BEE6E800D6B50A /* Build configuration list for PBXNativeTarget "DemoUIKitProject" */;
			buildPhases = (
				C70ADA1725BEE6E300D6B50A /* Sources */,
				C70ADA1825BEE6E300D6B50A /* Frameworks */,
				C70ADA1925BEE6E300D6B50A /* Resources */,
			);
			buildRules = (
			);
			dependencies = (
			);
			name = DemoUIKitProject;
			productName = DemoUIKitProject;
			productReference = C70ADA1B25BEE6E300D6B50A /* DemoUIKitProject.app */;
			productType = "com.apple.product-type.application";
		};
/* End PBXNativeTarget section */

/* Begin PBXProject section */
		C70ADA1325BEE6E300D6B50A /* Project object */ = {
			isa = PBXProject;
			attributes = {
				LastSwiftUpdateCheck = 1230;
				LastUpgradeCheck = 1230;
				TargetAttributes = {
					C70ADA1A25BEE6E300D6B50A = {
						CreatedOnToolsVersion = 12.3;
					};
				};
			};
			buildConfigurationList = C70ADA1625BEE6E300D6B50A /* Build configuration list for PBXProject "DemoUIKitProject" */;
			compatibilityVersion = "Xcode 9.3";
			developmentRegion = en;
			hasScannedForEncodings = 0;
			knownRegions = (
				en,
				Base,
			);
			mainGroup = C70ADA1225BEE6E300D6B50A;
			productRefGroup = C70ADA1C25BEE6E300D6B50A /* Products */;
			projectDirPath = "";
			projectRoot = "";
			targets = (
				C70ADA1A25BEE6E300D6B50A /* DemoUIKitProject */,
			);
		};
/* End PBXProject section */

/* Begin PBXResourcesBuildPhase section */
		C70ADA1925BEE6E300D6B50A /* Resources */ = {
			isa = PBXResourcesBuildPhase;
			buildActionMask = 2147483647;
			files = (
				C70ADA2B25BEE6E800D6B50A /* LaunchScreen.storyboard in Resources */,
				C70ADA2825BEE6E800D6B50A /* Assets.xcassets in Resources */,
				C70ADA2625BEE6E400D6B50A /* Main.storyboard in Resources */,
			);
			runOnlyForDeploymentPostprocessing = 0;
		};
/* End PBXResourcesBuildPhase section */

/* Begin PBXSourcesBuildPhase section */
		C70ADA1725BEE6E300D6B50A /* Sources */ = {
			isa = PBXSourcesBuildPhase;
			buildActionMask = 2147483647;
			files = (
				C787509825E4E63400EF0FE7 /* DetailedCollectionViewController.swift in Sources */,
				C787509525E4E60700EF0FE7 /* NatureCollectionViewCell.swift in Sources */,
				C787509225E4E5D400EF0FE7 /* ProgressViewController.swift in Sources */,
				C787508F25E4E5B000EF0FE7 /* ImageViewController.swift in Sources */,
				C787508C25E4E56F00EF0FE7 /* StackViewController.swift in Sources */,
				C787508A25E4E52800EF0FE7 /* PickerViewController.swift in Sources */,
				C787508825E4E4F800EF0FE7 /* ButtonViewController.swift in Sources */,
				C787508525E4E4BE00EF0FE7 /* LabelViewController.swift in Sources */,
				C787506725E4E09900EF0FE7 /* TextFieldViewController.swift in Sources */,
				C70ADA4A25BFEFB700D6B50A /* StoryboardIdentifier.swift in Sources */,
				C70ADA4525BFEA5200D6B50A /* TableData.swift in Sources */,
				C798B96525C934A600093C5D /* CollectionViewData.swift in Sources */,
				C70ADA4225BF4C4000D6B50A /* HomeTableViewCell.swift in Sources */,
				C798B96225C90B2100093C5D /* Book.swift in Sources */,
				C70ADA1F25BEE6E300D6B50A /* AppDelegate.swift in Sources */,
				C70ADA2125BEE6E300D6B50A /* SceneDelegate.swift in Sources */,
				C77BB05A25C2B3D400936FE5 /* PickerData.swift in Sources */,
				C70ADA3C25BF142800D6B50A /* HomeViewController.swift in Sources */,
				C726194B25C94B0500BA1E28 /* CollectionDemoViewController.swift in Sources */,
			);
			runOnlyForDeploymentPostprocessing = 0;
		};
/* End PBXSourcesBuildPhase section */

/* Begin PBXVariantGroup section */
		C70ADA2425BEE6E300D6B50A /* Main.storyboard */ = {
			isa = PBXVariantGroup;
			children = (
				C70ADA2525BEE6E300D6B50A /* Base */,
			);
			name = Main.storyboard;
			sourceTree = "<group>";
		};
		C70ADA2925BEE6E800D6B50A /* LaunchScreen.storyboard */ = {
			isa = PBXVariantGroup;
			children = (
				C70ADA2A25BEE6E800D6B50A /* Base */,
			);
			name = LaunchScreen.storyboard;
			sourceTree = "<group>";
		};
/* End PBXVariantGroup section */

/* Begin XCBuildConfiguration section */
		C70ADA2D25BEE6E800D6B50A /* Debug */ = {
			isa = XCBuildConfiguration;
			buildSettings = {
				ALWAYS_SEARCH_USER_PATHS = NO;
				CLANG_ANALYZER_NONNULL = YES;
				CLANG_ANALYZER_NUMBER_OBJECT_CONVERSION = YES_AGGRESSIVE;
				CLANG_CXX_LANGUAGE_STANDARD = "gnu++14";
				CLANG_CXX_LIBRARY = "libc++";
				CLANG_ENABLE_MODULES = YES;
				CLANG_ENABLE_OBJC_ARC = YES;
				CLANG_ENABLE_OBJC_WEAK = YES;
				CLANG_WARN_BLOCK_CAPTURE_AUTORELEASING = YES;
				CLANG_WARN_BOOL_CONVERSION = YES;
				CLANG_WARN_COMMA = YES;
				CLANG_WARN_CONSTANT_CONVERSION = YES;
				CLANG_WARN_DEPRECATED_OBJC_IMPLEMENTATIONS = YES;
				CLANG_WARN_DIRECT_OBJC_ISA_USAGE = YES_ERROR;
				CLANG_WARN_DOCUMENTATION_COMMENTS = YES;
				CLANG_WARN_EMPTY_BODY = YES;
				CLANG_WARN_ENUM_CONVERSION = YES;
				CLANG_WARN_INFINITE_RECURSION = YES;
				CLANG_WARN_INT_CONVERSION = YES;
				CLANG_WARN_NON_LITERAL_NULL_CONVERSION = YES;
				CLANG_WARN_OBJC_IMPLICIT_RETAIN_SELF = YES;
				CLANG_WARN_OBJC_LITERAL_CONVERSION = YES;
				CLANG_WARN_OBJC_ROOT_CLASS = YES_ERROR;
				CLANG_WARN_QUOTED_INCLUDE_IN_FRAMEWORK_HEADER = YES;
				CLANG_WARN_RANGE_LOOP_ANALYSIS = YES;
				CLANG_WARN_STRICT_PROTOTYPES = YES;
				CLANG_WARN_SUSPICIOUS_MOVE = YES;
				CLANG_WARN_UNGUARDED_AVAILABILITY = YES_AGGRESSIVE;
				CLANG_WARN_UNREACHABLE_CODE = YES;
				CLANG_WARN__DUPLICATE_METHOD_MATCH = YES;
				COPY_PHASE_STRIP = NO;
				DEBUG_INFORMATION_FORMAT = dwarf;
				ENABLE_STRICT_OBJC_MSGSEND = YES;
				ENABLE_TESTABILITY = YES;
				GCC_C_LANGUAGE_STANDARD = gnu11;
				GCC_DYNAMIC_NO_PIC = NO;
				GCC_NO_COMMON_BLOCKS = YES;
				GCC_OPTIMIZATION_LEVEL = 0;
				GCC_PREPROCESSOR_DEFINITIONS = (
					"DEBUG=1",
					"$(inherited)",
				);
				GCC_WARN_64_TO_32_BIT_CONVERSION = YES;
				GCC_WARN_ABOUT_RETURN_TYPE = YES_ERROR;
				GCC_WARN_UNDECLARED_SELECTOR = YES;
				GCC_WARN_UNINITIALIZED_AUTOS = YES_AGGRESSIVE;
				GCC_WARN_UNUSED_FUNCTION = YES;
				GCC_WARN_UNUSED_VARIABLE = YES;
				IPHONEOS_DEPLOYMENT_TARGET = 14.3;
				MTL_ENABLE_DEBUG_INFO = INCLUDE_SOURCE;
				MTL_FAST_MATH = YES;
				ONLY_ACTIVE_ARCH = YES;
				SDKROOT = iphoneos;
				SWIFT_ACTIVE_COMPILATION_CONDITIONS = DEBUG;
				SWIFT_OPTIMIZATION_LEVEL = "-Onone";
			};
			name = Debug;
		};
		C70ADA2E25BEE6E800D6B50A /* Release */ = {
			isa = XCBuildConfiguration;
			buildSettings = {
				ALWAYS_SEARCH_USER_PATHS = NO;
				CLANG_ANALYZER_NONNULL = YES;
				CLANG_ANALYZER_NUMBER_OBJECT_CONVERSION = YES_AGGRESSIVE;
				CLANG_CXX_LANGUAGE_STANDARD = "gnu++14";
				CLANG_CXX_LIBRARY = "libc++";
				CLANG_ENABLE_MODULES = YES;
				CLANG_ENABLE_OBJC_ARC = YES;
				CLANG_ENABLE_OBJC_WEAK = YES;
				CLANG_WARN_BLOCK_CAPTURE_AUTORELEASING = YES;
				CLANG_WARN_BOOL_CONVERSION = YES;
				CLANG_WARN_COMMA = YES;
				CLANG_WARN_CONSTANT_CONVERSION = YES;
				CLANG_WARN_DEPRECATED_OBJC_IMPLEMENTATIONS = YES;
				CLANG_WARN_DIRECT_OBJC_ISA_USAGE = YES_ERROR;
				CLANG_WARN_DOCUMENTATION_COMMENTS = YES;
				CLANG_WARN_EMPTY_BODY = YES;
				CLANG_WARN_ENUM_CONVERSION = YES;
				CLANG_WARN_INFINITE_RECURSION = YES;
				CLANG_WARN_INT_CONVERSION = YES;
				CLANG_WARN_NON_LITERAL_NULL_CONVERSION = YES;
				CLANG_WARN_OBJC_IMPLICIT_RETAIN_SELF = YES;
				CLANG_WARN_OBJC_LITERAL_CONVERSION = YES;
				CLANG_WARN_OBJC_ROOT_CLASS = YES_ERROR;
				CLANG_WARN_QUOTED_INCLUDE_IN_FRAMEWORK_HEADER = YES;
				CLANG_WARN_RANGE_LOOP_ANALYSIS = YES;
				CLANG_WARN_STRICT_PROTOTYPES = YES;
				CLANG_WARN_SUSPICIOUS_MOVE = YES;
				CLANG_WARN_UNGUARDED_AVAILABILITY = YES_AGGRESSIVE;
				CLANG_WARN_UNREACHABLE_CODE = YES;
				CLANG_WARN__DUPLICATE_METHOD_MATCH = YES;
				COPY_PHASE_STRIP = NO;
				DEBUG_INFORMATION_FORMAT = "dwarf-with-dsym";
				ENABLE_NS_ASSERTIONS = NO;
				ENABLE_STRICT_OBJC_MSGSEND = YES;
				GCC_C_LANGUAGE_STANDARD = gnu11;
				GCC_NO_COMMON_BLOCKS = YES;
				GCC_WARN_64_TO_32_BIT_CONVERSION = YES;
				GCC_WARN_ABOUT_RETURN_TYPE = YES_ERROR;
				GCC_WARN_UNDECLARED_SELECTOR = YES;
				GCC_WARN_UNINITIALIZED_AUTOS = YES_AGGRESSIVE;
				GCC_WARN_UNUSED_FUNCTION = YES;
				GCC_WARN_UNUSED_VARIABLE = YES;
				IPHONEOS_DEPLOYMENT_TARGET = 14.3;
				MTL_ENABLE_DEBUG_INFO = NO;
				MTL_FAST_MATH = YES;
				SDKROOT = iphoneos;
				SWIFT_COMPILATION_MODE = wholemodule;
				SWIFT_OPTIMIZATION_LEVEL = "-O";
				VALIDATE_PRODUCT = YES;
			};
			name = Release;
		};
		C70ADA3025BEE6E800D6B50A /* Debug */ = {
			isa = XCBuildConfiguration;
			buildSettings = {
				ASSETCATALOG_COMPILER_APPICON_NAME = AppIcon;
				ASSETCATALOG_COMPILER_GLOBAL_ACCENT_COLOR_NAME = AccentColor;
				CODE_SIGN_STYLE = Automatic;
				INFOPLIST_FILE = DemoUIKitProject/Info.plist;
				IPHONEOS_DEPLOYMENT_TARGET = 13.0;
				LD_RUNPATH_SEARCH_PATHS = (
					"$(inherited)",
					"@executable_path/Frameworks",
				);
				PRODUCT_BUNDLE_IDENTIFIER = com.test.DemoUIKitProject;
				PRODUCT_NAME = "$(TARGET_NAME)";
				SWIFT_VERSION = 5.0;
				TARGETED_DEVICE_FAMILY = "1,2";
			};
			name = Debug;
		};
		C70ADA3125BEE6E800D6B50A /* Release */ = {
			isa = XCBuildConfiguration;
			buildSettings = {
				ASSETCATALOG_COMPILER_APPICON_NAME = AppIcon;
				ASSETCATALOG_COMPILER_GLOBAL_ACCENT_COLOR_NAME = AccentColor;
				CODE_SIGN_STYLE = Automatic;
				INFOPLIST_FILE = DemoUIKitProject/Info.plist;
				IPHONEOS_DEPLOYMENT_TARGET = 13.0;
				LD_RUNPATH_SEARCH_PATHS = (
					"$(inherited)",
					"@executable_path/Frameworks",
				);
				PRODUCT_BUNDLE_IDENTIFIER = com.test.DemoUIKitProject;
				PRODUCT_NAME = "$(TARGET_NAME)";
				SWIFT_VERSION = 5.0;
				TARGETED_DEVICE_FAMILY = "1,2";
			};
			name = Release;
		};
/* End XCBuildConfiguration section */

/* Begin XCConfigurationList section */
		C70ADA1625BEE6E300D6B50A /* Build configuration list for PBXProject "DemoUIKitProject" */ = {
			isa = XCConfigurationList;
			buildConfigurations = (
				C70ADA2D25BEE6E800D6B50A /* Debug */,
				C70ADA2E25BEE6E800D6B50A /* Release */,
			);
			defaultConfigurationIsVisible = 0;
			defaultConfigurationName = Release;
		};
		C70ADA2F25BEE6E800D6B50A /* Build configuration list for PBXNativeTarget "DemoUIKitProject" */ = {
			isa = XCConfigurationList;
			buildConfigurations = (
				C70ADA3025BEE6E800D6B50A /* Debug */,
				C70ADA3125BEE6E800D6B50A /* Release */,
			);
			defaultConfigurationIsVisible = 0;
			defaultConfigurationName = Release;
		};
/* End XCConfigurationList section */
	};
	rootObject = C70ADA1325BEE6E300D6B50A /* Project object */;
}
